
Microsoft Visual Studio Solution File, Format Version 12.00
# Visual Studio Version 17
VisualStudioVersion = 17.2.32602.215
MinimumVisualStudioVersion = 10.0.40219.1
Project("{FAE04EC0-301F-11D3-BF4B-00C04F79EFBC}") = "medias Djalma prof", "medias Djalma prof\medias Djalma prof.csproj", "{3208DD95-A3E1-4368-AA99-C16E894431C2}"
EndProject
Global
	GlobalSection(SolutionConfigurationPlatforms) = preSolution
		Debug|Any CPU = Debug|Any CPU
		Release|Any CPU = Release|Any CPU
	EndGlobalSection
	GlobalSection(ProjectConfigurationPlatforms) = postSolution
		{3208DD95-A3E1-4368-AA99-C16E894431C2}.Debug|Any CPU.ActiveCfg = Debug|Any CPU
		{3208DD95-A3E1-4368-AA99-C16E894431C2}.Debug|Any CPU.Build.0 = Debug|Any CPU
		{3208DD95-A3E1-4368-AA99-C16E894431C2}.Release|Any CPU.ActiveCfg = Release|Any CPU
		{3208DD95-A3E1-4368-AA99-C16E894431C2}.Release|Any CPU.Build.0 = Release|Any CPU
	EndGlobalSection
	GlobalSection(SolutionProperties) = preSolution
		HideSolutionNode = FALSE
	EndGlobalSection
	GlobalSection(ExtensibilityGlobals) = postSolution
		SolutionGuid = {C2B335A4-ABA5-4659-A588-D982A8F1FE05}
	EndGlobalSection
EndGlobal
